
Microsoft Visual Studio Solution File, Format Version 12.00
# Visual Studio 15
VisualStudioVersion = 15.0.28307.106
MinimumVisualStudioVersion = 10.0.40219.1
Project("{FAE04EC0-301F-11D3-BF4B-00C04F79EFBC}") = "GarbageH", "GarbageH\GarbageH.csproj", "{821AB6AD-3957-453B-BFD3-FCB983A77243}"
EndProject
Global
	GlobalSection(SolutionConfigurationPlatforms) = preSolution
		Debug|Any CPU = Debug|Any CPU
		Release|Any CPU = Release|Any CPU
	EndGlobalSection
	GlobalSection(ProjectConfigurationPlatforms) = postSolution
		{821AB6AD-3957-453B-BFD3-FCB983A77243}.Debug|Any CPU.ActiveCfg = Debug|Any CPU
		{821AB6AD-3957-453B-BFD3-FCB983A77243}.Debug|Any CPU.Build.0 = Debug|Any CPU
		{821AB6AD-3957-453B-BFD3-FCB983A77243}.Release|Any CPU.ActiveCfg = Release|Any CPU
		{821AB6AD-3957-453B-BFD3-FCB983A77243}.Release|Any CPU.Build.0 = Release|Any CPU
	EndGlobalSection
	GlobalSection(SolutionProperties) = preSolution
		HideSolutionNode = FALSE
	EndGlobalSection
	GlobalSection(ExtensibilityGlobals) = postSolution
		SolutionGuid = {5683A5FD-EE8D-4938-8A26-975C8EBBDFAC}
	EndGlobalSection
EndGlobal
